
Microsoft Visual Studio Solution File, Format Version 12.00
# Visual Studio Version 17
VisualStudioVersion = 17.11.35208.52
MinimumVisualStudioVersion = 10.0.40219.1
Project("{FAE04EC0-301F-11D3-BF4B-00C04F79EFBC}") = "LinqQueriesPractiseInDotnetCore", "LinqQueriesPractiseInDotnetCore\LinqQueriesPractiseInDotnetCore.csproj", "{E2CE4FA2-38F7-4D35-B980-764EF6A59C6E}"
EndProject
Global
	GlobalSection(SolutionConfigurationPlatforms) = preSolution
		Debug|Any CPU = Debug|Any CPU
		Release|Any CPU = Release|Any CPU
	EndGlobalSection
	GlobalSection(ProjectConfigurationPlatforms) = postSolution
		{E2CE4FA2-38F7-4D35-B980-764EF6A59C6E}.Debug|Any CPU.ActiveCfg = Debug|Any CPU
		{E2CE4FA2-38F7-4D35-B980-764EF6A59C6E}.Debug|Any CPU.Build.0 = Debug|Any CPU
		{E2CE4FA2-38F7-4D35-B980-764EF6A59C6E}.Release|Any CPU.ActiveCfg = Release|Any CPU
		{E2CE4FA2-38F7-4D35-B980-764EF6A59C6E}.Release|Any CPU.Build.0 = Release|Any CPU
	EndGlobalSection
	GlobalSection(SolutionProperties) = preSolution
		HideSolutionNode = FALSE
	EndGlobalSection
	GlobalSection(ExtensibilityGlobals) = postSolution
		SolutionGuid = {470F6AD3-ED86-41F0-A477-AE3450BFB391}
	EndGlobalSection
EndGlobal
